{
  "lockfile_version": "1",
  "packages": {
    "clang-tools@21.1.8": {
      "last_modified": "2026-04-23T13:07:47Z",
      "resolved": "github:NixOS/nixpkgs/01fbdeef22b76df85ea168fbfe1bfd9e63681b30#clang-tools",
      "source": "devbox-search",
      "version": "21.1.8",
      "systems": {
        "aarch64-darwin": {
          "outputs": [
            {
              "name": "out",
              "path": "/nix/store/bw3x1vkn4gdbhmjzqnjrznx7zd6ylc2k-clang-tools-21.1.8",
              "default": true
            }
          ],
          "store_path": "/nix/store/bw3x1vkn4gdbhmjzqnjrznx7zd6ylc2k-clang-tools-21.1.8"
        },
        "aarch64-linux": {
          "outputs": [
            {
              "name": "out",
              "path": "/nix/store/6brkgrckqbashgarh3iqw79hqb075ijz-clang-tools-21.1.8",
              "default": true
            }
          ],
          "store_path": "/nix/store/6brkgrckqbashgarh3iqw79hqb075ijz-clang-tools-21.1.8"
        },
        "x86_64-darwin": {
          "outputs": [
            {
              "name": "out",
              "path": "/nix/store/l6i8gmm17pqzp2f4js69zvmw2rckagvq-clang-tools-21.1.8",
              "default": true
            }
          ],
          "store_path": "/nix/store/l6i8gmm17pqzp2f4js69zvmw2rckagvq-clang-tools-21.1.8"
        },
        "x86_64-linux": {
          "outputs": [
            {
              "name": "out",
              "path": "/nix/store/55mfy3z8nv3d7hjghybnk2fmazyqfyhh-clang-tools-21.1.8",
              "default": true
            }
          ],
          "store_path": "/nix/store/55mfy3z8nv3d7hjghybnk2fmazyqfyhh-clang-tools-21.1.8"
        }
      }
    },
    "cmake@4.1.2": {
      "last_modified": "2025-11-23T21:50:36Z",
      "resolved": "github:NixOS/nixpkgs/ee09932cedcef15aaf476f9343d1dea2cb77e261#cmake",
      "source": "devbox-search",
      "version": "4.1.2",
      "systems": {
        "aarch64-darwin": {
          "outputs": [
            {
              "name": "out",
              "path": "/nix/store/0v5vpvwbl94qv9447jz995i4n9mx4l63-cmake-4.1.2",
              "default": true
            }
          ],
          "store_path": "/nix/store/0v5vpvwbl94qv9447jz995i4n9mx4l63-cmake-4.1.2"
        },
        "aarch64-linux": {
          "outputs": [
            {
              "name": "out",
              "path": "/nix/store/ipjw0mbzcycidbw62gsz47cgivqxm2lv-cmake-4.1.2",
              "default": true
            },
            {
              "name": "debug",
              "path": "/nix/store/4m6l2qb5s7vyirybbn3c5k1rv2dww1vy-cmake-4.1.2-debug"
            }
          ],
          "store_path": "/nix/store/ipjw0mbzcycidbw62gsz47cgivqxm2lv-cmake-4.1.2"
        },
        "x86_64-darwin": {
          "outputs": [
            {
              "name": "out",
              "path": "/nix/store/i7c7r2g0zycvi7wh3rnw1dx3aglbvw2d-cmake-4.1.2",
              "default": true
            }
          ],
          "store_path": "/nix/store/i7c7r2g0zycvi7wh3rnw1dx3aglbvw2d-cmake-4.1.2"
        },
        "x86_64-linux": {
          "outputs": [
            {
              "name": "out",
              "path": "/nix/store/w9jm660dykns6hzrdhxmqfywnc9ail8g-cmake-4.1.2",
              "default": true
            },
            {
              "name": "debug",
              "path": "/nix/store/pnizhra0882ijp3nilvzdzbaa0ayq4hd-cmake-4.1.2-debug"
            }
          ],
          "store_path": "/nix/store/w9jm660dykns6hzrdhxmqfywnc9ail8g-cmake-4.1.2"
        }
      }
    },
    "gcc@15.2.0": {
      "last_modified": "2026-04-23T13:07:47Z",
      "resolved": "github:NixOS/nixpkgs/01fbdeef22b76df85ea168fbfe1bfd9e63681b30#gcc",
      "source": "devbox-search",
      "version": "15.2.0",
      "systems": {
        "aarch64-darwin": {
          "outputs": [
            {
              "name": "out",
              "path": "/nix/store/dwlwh17hj0kvd3wjdldzjhpg1lrkriz7-gcc-wrapper-15.2.0",
              "default": true
            },
            {
              "name": "man",
              "path": "/nix/store/9aq51flq9r3qk1wad800jnwhywxh11g8-gcc-wrapper-15.2.0-man",
              "default": true
            },
            {
              "name": "info",
              "path": "/nix/store/c56kq8gqdv1x250bkszg4qka470hkdxn-gcc-wrapper-15.2.0-info"
            }
          ],
          "store_path": "/nix/store/dwlwh17hj0kvd3wjdldzjhpg1lrkriz7-gcc-wrapper-15.2.0"
        },
        "aarch64-linux": {
          "outputs": [
            {
              "name": "out",
              "path": "/nix/store/xvvipinc7wngr82akl5i61bxdh10rajw-gcc-wrapper-15.2.0",
              "default": true
            },
            {
              "name": "man",
              "path": "/nix/store/d5svqdhdiryldnkaphaxwamiwxnadcid-gcc-wrapper-15.2.0-man",
              "default": true
            },
            {
              "name": "info",
              "path": "/nix/store/q487ij6jvnbvwwqnqf2yzacplj0nl1lm-gcc-wrapper-15.2.0-info"
            }
          ],
          "store_path": "/nix/store/xvvipinc7wngr82akl5i61bxdh10rajw-gcc-wrapper-15.2.0"
        },
        "x86_64-darwin": {
          "outputs": [
            {
              "name": "out",
              "path": "/nix/store/3gphzab4pz860k6xyyg913a0ys3ch3fw-gcc-wrapper-15.2.0",
              "default": true
            },
            {
              "name": "man",
              "path": "/nix/store/wp66lw67zy3a6l8nyrm7mp849pv38a52-gcc-wrapper-15.2.0-man",
              "default": true
            },
            {
              "name": "info",
              "path": "/nix/store/nrkdf7av6jq3p1x7pdmvllcp1l1gbs1v-gcc-wrapper-15.2.0-info"
            }
          ],
          "store_path": "/nix/store/3gphzab4pz860k6xyyg913a0ys3ch3fw-gcc-wrapper-15.2.0"
        },
        "x86_64-linux": {
          "outputs": [
            {
              "name": "out",
              "path": "/nix/store/qd70v8g0561vm8m33kmnp79z00cgyi5n-gcc-wrapper-15.2.0",
              "default": true
            },
            {
              "name": "man",
              "path": "/nix/store/s03w1r1shmmzs1zz367aplbfyq2vgcfg-gcc-wrapper-15.2.0-man",
              "default": true
            },
            {
              "name": "info",
              "path": "/nix/store/k8zz91jx73nabxg7hh8yshab5w9y4rq8-gcc-wrapper-15.2.0-info"
            }
          ],
          "store_path": "/nix/store/qd70v8g0561vm8m33kmnp79z00cgyi5n-gcc-wrapper-15.2.0"
        }
      }
    },
    "github:NixOS/nixpkgs/nixpkgs-unstable": {
      "last_modified": "2026-05-15T18:21:44Z",
      "resolved": "github:NixOS/nixpkgs/d233902339c02a9c334e7e593de68855ad26c4cb?lastModified=1778869304&narHash=sha256-30sZNZoA1cqF5JNO9fVX%2BwgiQYjB7HJqqJ4ztCDeBZE%3D"
    },
    "go-task@3.48.0": {
      "last_modified": "2026-04-23T13:07:47Z",
      "resolved": "github:NixOS/nixpkgs/01fbdeef22b76df85ea168fbfe1bfd9e63681b30#go-task",
      "source": "devbox-search",
      "version": "3.48.0",
      "systems": {
        "aarch64-darwin": {
          "outputs": [
            {
              "name": "out",
              "path": "/nix/store/gx97hxd28ymbxf2nj4kq6masld4qk7yw-go-task-3.48.0",
              "default": true
            }
          ],
          "store_path": "/nix/store/gx97hxd28ymbxf2nj4kq6masld4qk7yw-go-task-3.48.0"
        },
        "aarch64-linux": {
          "outputs": [
            {
              "name": "out",
              "path": "/nix/store/di0pkf2d113g9nkcbm4p51sgivfbkcxg-go-task-3.48.0",
              "default": true
            }
          ],
          "store_path": "/nix/store/di0pkf2d113g9nkcbm4p51sgivfbkcxg-go-task-3.48.0"
        },
        "x86_64-darwin": {
          "outputs": [
            {
              "name": "out",
              "path": "/nix/store/4mdamkq6v7xi11525ah95nb4psdd1a9m-go-task-3.48.0",
              "default": true
            }
          ],
          "store_path": "/nix/store/4mdamkq6v7xi11525ah95nb4psdd1a9m-go-task-3.48.0"
        },
        "x86_64-linux": {
          "outputs": [
            {
              "name": "out",
              "path": "/nix/store/gak3jfx9splyph60r0vvvv24vjcwyakx-go-task-3.48.0",
              "default": true
            }
          ],
          "store_path": "/nix/store/gak3jfx9splyph60r0vvvv24vjcwyakx-go-task-3.48.0"
        }
      }
    },
    "libpqxx": {
      "resolved": "github:NixOS/nixpkgs/d233902339c02a9c334e7e593de68855ad26c4cb?narHash=sha256-30sZNZoA1cqF5JNO9fVX%2BwgiQYjB7HJqqJ4ztCDeBZE%3D#libpqxx",
      "source": "nixpkg"
    },
    "ninja@1.13.1": {
      "last_modified": "2025-11-23T21:50:36Z",
      "resolved": "github:NixOS/nixpkgs/ee09932cedcef15aaf476f9343d1dea2cb77e261#ninja",
      "source": "devbox-search",
      "version": "1.13.1",
      "systems": {
        "aarch64-darwin": {
          "outputs": [
            {
              "name": "out",
              "path": "/nix/store/6y79vrqachzns4pgl8r0j04b7g33hl52-ninja-1.13.1",
              "default": true
            }
          ],
          "store_path": "/nix/store/6y79vrqachzns4pgl8r0j04b7g33hl52-ninja-1.13.1"
        },
        "aarch64-linux": {
          "outputs": [
            {
              "name": "out",
              "path": "/nix/store/jpwn5zii6bzpvf9dm4dw7cdvwychpxwz-ninja-1.13.1",
              "default": true
            }
          ],
          "store_path": "/nix/store/jpwn5zii6bzpvf9dm4dw7cdvwychpxwz-ninja-1.13.1"
        },
        "x86_64-darwin": {
          "outputs": [
            {
              "name": "out",
              "path": "/nix/store/82kdfnd09s2npwlsnqzak29nf592czr6-ninja-1.13.1",
              "default": true
            }
          ],
          "store_path": "/nix/store/82kdfnd09s2npwlsnqzak29nf592czr6-ninja-1.13.1"
        },
        "x86_64-linux": {
          "outputs": [
            {
              "name": "out",
              "path": "/nix/store/nib1r4k4cqph7zjjnbfc1d6cbg11qr76-ninja-1.13.1",
              "default": true
            }
          ],
          "store_path": "/nix/store/nib1r4k4cqph7zjjnbfc1d6cbg11qr76-ninja-1.13.1"
        }
      }
    },
    "openjdk@19.0.1+10": {
      "last_modified": "2023-02-24T09:01:09Z",
      "resolved": "github:NixOS/nixpkgs/7d0ed7f2e5aea07ab22ccb338d27fbe347ed2f11#openjdk",
      "source": "devbox-search",
      "version": "19.0.1+10"
    },
    "openssl@3.4.1": {
      "last_modified": "2025-07-09T16:14:05Z",
      "resolved": "github:NixOS/nixpkgs/be9e214982e20b8310878ac2baa063a961c1bdf6#openssl",
      "source": "devbox-search",
      "version": "3.4.1",
      "systems": {
        "aarch64-darwin": {
          "outputs": [
            {
              "name": "bin",
              "path": "/nix/store/yjxj5bpfbk3zbzzppsa1gw2zpqdl76g6-openssl-3.4.1-bin",
              "default": true
            },
            {
              "name": "man",
              "path": "/nix/store/466h30rmlqs0sm41723y89jiag875i14-openssl-3.4.1-man",
              "default": true
            },
            {
              "name": "doc",
              "path": "/nix/store/rwh29249446lm391bs9sn3wlhq0ii03x-openssl-3.4.1-doc"
            },
            {
              "name": "out",
              "path": "/nix/store/7fqm5r0kdy21fdblcl1x4zm63wl12bjj-openssl-3.4.1"
            },
            {
              "name": "dev",
              "path": "/nix/store/pyjj2zrlba1nzidhmx3h1bg7m9h8i5kx-openssl-3.4.1-dev"
            }
          ],
          "store_path": "/nix/store/yjxj5bpfbk3zbzzppsa1gw2zpqdl76g6-openssl-3.4.1-bin"
        },
        "aarch64-linux": {
          "outputs": [
            {
              "name": "bin",
              "path": "/nix/store/1dzv5xbywjk2v54b6p19r5y3lcb4r6fz-openssl-3.4.1-bin",
              "default": true
            },
            {
              "name": "man",
              "path": "/nix/store/8b9in6lckw7q0bpcb43c2wby0y6q49g8-openssl-3.4.1-man",
              "default": true
            },
            {
              "name": "out",
              "path": "/nix/store/62q1diax2vlil01yjhmlk92pqsczxshh-openssl-3.4.1"
            },
            {
              "name": "debug",
              "path": "/nix/store/ipjrwlhhzka9yy6nzwy8lwlr2z5y8ncy-openssl-3.4.1-debug"
            },
            {
              "name": "dev",
              "path": "/nix/store/m0m01vvvldrm3pjnljq3mkbqla69wkn2-openssl-3.4.1-dev"
            },
            {
              "name": "doc",
              "path": "/nix/store/isr7j8bd0vp3kxvbs3mglggwifq2pavj-openssl-3.4.1-doc"
            }
          ],
          "store_path": "/nix/store/1dzv5xbywjk2v54b6p19r5y3lcb4r6fz-openssl-3.4.1-bin"
        },
        "x86_64-darwin": {
          "outputs": [
            {
              "name": "bin",
              "path": "/nix/store/kg693dks4a4020gjn19j6258i1y7p08j-openssl-3.4.1-bin",
              "default": true
            },
            {
              "name": "man",
              "path": "/nix/store/ah3vnzbbr1f07d5k5s93qs4w3xbsl3ni-openssl-3.4.1-man",
              "default": true
            },
            {
              "name": "out",
              "path": "/nix/store/amqg089xb80yk48m8shsq4d4asg3b9bd-openssl-3.4.1"
            },
            {
              "name": "dev",
              "path": "/nix/store/0x4nq0wysddxs5pa67bcs9lm81pb7hpr-openssl-3.4.1-dev"
            },
            {
              "name": "doc",
              "path": "/nix/store/zmfpyjkgag60c75iib59icd523wij37x-openssl-3.4.1-doc"
            }
          ],
          "store_path": "/nix/store/kg693dks4a4020gjn19j6258i1y7p08j-openssl-3.4.1-bin"
        },
        "x86_64-linux": {
          "outputs": [
            {
              "name": "bin",
              "path": "/nix/store/74k8qwbfa6lm8psm2vjh2vj04fpr6c5g-openssl-3.4.1-bin",
              "default": true
            },
            {
              "name": "man",
              "path": "/nix/store/shm46nzsw9w122ij46y59br44p18lb0l-openssl-3.4.1-man",
              "default": true
            },
            {
              "name": "dev",
              "path": "/nix/store/k0699a27nkj4c2xn67bjcpfa08nqn9l4-openssl-3.4.1-dev"
            },
            {
              "name": "doc",
              "path": "/nix/store/p5cxin74s68cm3i3p799gdx8s5wlfv15-openssl-3.4.1-doc"
            },
            {
              "name": "out",
              "path": "/nix/store/byx7ahs386pskh8d5sdkrkpscfz9yyjp-openssl-3.4.1"
            },
            {
              "name": "debug",
              "path": "/nix/store/bw850rrwlphqyp6xi08nv5c24dly7glp-openssl-3.4.1-debug"
            }
          ],
          "store_path": "/nix/store/74k8qwbfa6lm8psm2vjh2vj04fpr6c5g-openssl-3.4.1-bin"
        }
      }
    },
    "pkg-config": {
      "resolved": "github:NixOS/nixpkgs/d233902339c02a9c334e7e593de68855ad26c4cb?narHash=sha256-30sZNZoA1cqF5JNO9fVX%2BwgiQYjB7HJqqJ4ztCDeBZE%3D#pkg-config",
      "source": "nixpkg"
    },
    "plantuml@1.2026.2": {
      "last_modified": "2026-04-23T13:07:47Z",
      "resolved": "github:NixOS/nixpkgs/01fbdeef22b76df85ea168fbfe1bfd9e63681b30#plantuml",
      "source": "devbox-search",
      "version": "1.2026.2",
      "systems": {
        "aarch64-darwin": {
          "outputs": [
            {
              "name": "out",
              "path": "/nix/store/iw19jl3s06w925ipkk1ih7haphhzy2md-plantuml-1.2026.2",
              "default": true
            }
          ],
          "store_path": "/nix/store/iw19jl3s06w925ipkk1ih7haphhzy2md-plantuml-1.2026.2"
        },
        "aarch64-linux": {
          "outputs": [
            {
              "name": "out",
              "path": "/nix/store/s2735j3gpnmpcmm6pamyqykj7cywy0hz-plantuml-1.2026.2",
              "default": true
            }
          ],
          "store_path": "/nix/store/s2735j3gpnmpcmm6pamyqykj7cywy0hz-plantuml-1.2026.2"
        },
        "x86_64-darwin": {
          "outputs": [
            {
              "name": "out",
              "path": "/nix/store/v070q1498420fs55xkqwh0bnp4f56fyy-plantuml-1.2026.2",
              "default": true
            }
          ],
          "store_path": "/nix/store/v070q1498420fs55xkqwh0bnp4f56fyy-plantuml-1.2026.2"
        },
        "x86_64-linux": {
          "outputs": [
            {
              "name": "out",
              "path": "/nix/store/jkrrj32yakb84sldiaincylxab4n8v9c-plantuml-1.2026.2",
              "default": true
            }
          ],
          "store_path": "/nix/store/jkrrj32yakb84sldiaincylxab4n8v9c-plantuml-1.2026.2"
        }
      }
    }
  }
}
